
Microsoft Visual Studio Solution File, Format Version 12.00
# Visual Studio 15
VisualStudioVersion = 15.0.28307.572
MinimumVisualStudioVersion = 10.0.40219.1
Project("{8BC9CEB8-8B4A-11D0-8D11-00A0C91BC942}") = "LuaEngine", "LuaEngine\LuaEngine.vcxproj", "{27CC36E3-BC90-4664-AF98-269674EC16A7}"
EndProject
Global
	GlobalSection(SolutionConfigurationPlatforms) = preSolution
		Debug|x64 = Debug|x64
		me_rel|x64 = me_rel|x64
		me|x64 = me|x64
		Release|x64 = Release|x64
	EndGlobalSection
	GlobalSection(ProjectConfigurationPlatforms) = postSolution
		{27CC36E3-BC90-4664-AF98-269674EC16A7}.Debug|x64.ActiveCfg = Debug|x64
		{27CC36E3-BC90-4664-AF98-269674EC16A7}.Debug|x64.Build.0 = Debug|x64
		{27CC36E3-BC90-4664-AF98-269674EC16A7}.me_rel|x64.ActiveCfg = Release|x64
		{27CC36E3-BC90-4664-AF98-269674EC16A7}.me_rel|x64.Build.0 = Release|x64
		{27CC36E3-BC90-4664-AF98-269674EC16A7}.me|x64.ActiveCfg = me|x64
		{27CC36E3-BC90-4664-AF98-269674EC16A7}.me|x64.Build.0 = me|x64
		{27CC36E3-BC90-4664-AF98-269674EC16A7}.Release|x64.ActiveCfg = Release|x64
		{27CC36E3-BC90-4664-AF98-269674EC16A7}.Release|x64.Build.0 = Release|x64
	EndGlobalSection
	GlobalSection(SolutionProperties) = preSolution
		HideSolutionNode = FALSE
	EndGlobalSection
	GlobalSection(ExtensibilityGlobals) = postSolution
		SolutionGuid = {19DC1760-08FC-4E8C-83EA-8D111C01761D}
	EndGlobalSection
EndGlobal
